
Microsoft Visual Studio Solution File, Format Version 12.00
# Visual Studio Version 16
VisualStudioVersion = 16.0.30413.136
MinimumVisualStudioVersion = 10.0.40219.1
Project("{FAE04EC0-301F-11D3-BF4B-00C04F79EFBC}") = "PrintQueueToSql", "PrintQueueToSql\PrintQueueToSql.csproj", "{7173CBDE-F8FC-4659-A7AA-0639FDBCABF4}"
EndProject
Global
	GlobalSection(SolutionConfigurationPlatforms) = preSolution
		Debug|Any CPU = Debug|Any CPU
		Release|Any CPU = Release|Any CPU
	EndGlobalSection
	GlobalSection(ProjectConfigurationPlatforms) = postSolution
		{7173CBDE-F8FC-4659-A7AA-0639FDBCABF4}.Debug|Any CPU.ActiveCfg = Release|Any CPU
		{7173CBDE-F8FC-4659-A7AA-0639FDBCABF4}.Debug|Any CPU.Build.0 = Release|Any CPU
		{7173CBDE-F8FC-4659-A7AA-0639FDBCABF4}.Release|Any CPU.ActiveCfg = Release|Any CPU
		{7173CBDE-F8FC-4659-A7AA-0639FDBCABF4}.Release|Any CPU.Build.0 = Release|Any CPU
	EndGlobalSection
	GlobalSection(SolutionProperties) = preSolution
		HideSolutionNode = FALSE
	EndGlobalSection
	GlobalSection(ExtensibilityGlobals) = postSolution
		SolutionGuid = {AD677736-2901-4381-A786-883763CB4102}
	EndGlobalSection
EndGlobal
